
Microsoft Visual Studio Solution File, Format Version 12.00
# Visual Studio 15
VisualStudioVersion = 15.0.28307.1401
MinimumVisualStudioVersion = 10.0.40219.1
Project("{FAE04EC0-301F-11D3-BF4B-00C04F79EFBC}") = "RPA_ConsultorDeCEP", "RPA_ConsultorDeCEP\RPA_ConsultorDeCEP.csproj", "{FAED21D3-C330-4182-B963-B273CA2DB862}"
EndProject
Global
	GlobalSection(SolutionConfigurationPlatforms) = preSolution
		Debug|Any CPU = Debug|Any CPU
		Release|Any CPU = Release|Any CPU
	EndGlobalSection
	GlobalSection(ProjectConfigurationPlatforms) = postSolution
		{FAED21D3-C330-4182-B963-B273CA2DB862}.Debug|Any CPU.ActiveCfg = Debug|Any CPU
		{FAED21D3-C330-4182-B963-B273CA2DB862}.Debug|Any CPU.Build.0 = Debug|Any CPU
		{FAED21D3-C330-4182-B963-B273CA2DB862}.Release|Any CPU.ActiveCfg = Release|Any CPU
		{FAED21D3-C330-4182-B963-B273CA2DB862}.Release|Any CPU.Build.0 = Release|Any CPU
	EndGlobalSection
	GlobalSection(SolutionProperties) = preSolution
		HideSolutionNode = FALSE
	EndGlobalSection
	GlobalSection(ExtensibilityGlobals) = postSolution
		SolutionGuid = {384B4E80-8D30-43E0-A628-E71E9951328C}
	EndGlobalSection
EndGlobal
